
Microsoft Visual Studio Solution File, Format Version 12.00
# Visual Studio Version 17
VisualStudioVersion = 17.0.32112.339
MinimumVisualStudioVersion = 10.0.40219.1
Project("{9A19103F-16F7-4668-BE54-9A1E7A4F7556}") = "Template", "Template.csproj", "{7D77DE58-8247-4DCF-9D06-F7DC4066EB3A}"
EndProject
Project("{9A19103F-16F7-4668-BE54-9A1E7A4F7556}") = "FLOW001", "..\FLOW001\FLOW001.csproj", "{AFF7B88E-505D-4109-9AE4-0F98AF81D7DD}"
EndProject
Project("{FAE04EC0-301F-11D3-BF4B-00C04F79EFBC}") = "Contest_CCSTART-Problem_HDIVISR-Highest_Divisor", "..\Contest_CCSTART-Problem_HDIVISR-Highest_Divisor\Contest_CCSTART-Problem_HDIVISR-Highest_Divisor.csproj", "{C701F4A5-4E9F-4291-826D-0DFDF433BAFB}"
EndProject
Project("{FAE04EC0-301F-11D3-BF4B-00C04F79EFBC}") = "Contest_CCSTART-Problem_LUCKFOUR-Lucky_Four", "..\Contest_CCSTART-Problem_LUCKFOUR-Lucky_Four\Contest_CCSTART-Problem_LUCKFOUR-Lucky_Four.csproj", "{B8CDADD3-2E6E-453D-A2F4-E1CE9CC77542}"
EndProject
Global
	GlobalSection(SolutionConfigurationPlatforms) = preSolution
		Debug|Any CPU = Debug|Any CPU
		Release|Any CPU = Release|Any CPU
	EndGlobalSection
	GlobalSection(ProjectConfigurationPlatforms) = postSolution
		{7D77DE58-8247-4DCF-9D06-F7DC4066EB3A}.Debug|Any CPU.ActiveCfg = Debug|Any CPU
		{7D77DE58-8247-4DCF-9D06-F7DC4066EB3A}.Debug|Any CPU.Build.0 = Debug|Any CPU
		{7D77DE58-8247-4DCF-9D06-F7DC4066EB3A}.Release|Any CPU.ActiveCfg = Release|Any CPU
		{7D77DE58-8247-4DCF-9D06-F7DC4066EB3A}.Release|Any CPU.Build.0 = Release|Any CPU
		{AFF7B88E-505D-4109-9AE4-0F98AF81D7DD}.Debug|Any CPU.ActiveCfg = Debug|Any CPU
		{AFF7B88E-505D-4109-9AE4-0F98AF81D7DD}.Debug|Any CPU.Build.0 = Debug|Any CPU
		{AFF7B88E-505D-4109-9AE4-0F98AF81D7DD}.Release|Any CPU.ActiveCfg = Release|Any CPU
		{AFF7B88E-505D-4109-9AE4-0F98AF81D7DD}.Release|Any CPU.Build.0 = Release|Any CPU
		{C701F4A5-4E9F-4291-826D-0DFDF433BAFB}.Debug|Any CPU.ActiveCfg = Debug|Any CPU
		{C701F4A5-4E9F-4291-826D-0DFDF433BAFB}.Debug|Any CPU.Build.0 = Debug|Any CPU
		{C701F4A5-4E9F-4291-826D-0DFDF433BAFB}.Release|Any CPU.ActiveCfg = Release|Any CPU
		{C701F4A5-4E9F-4291-826D-0DFDF433BAFB}.Release|Any CPU.Build.0 = Release|Any CPU
		{B8CDADD3-2E6E-453D-A2F4-E1CE9CC77542}.Debug|Any CPU.ActiveCfg = Debug|Any CPU
		{B8CDADD3-2E6E-453D-A2F4-E1CE9CC77542}.Debug|Any CPU.Build.0 = Debug|Any CPU
		{B8CDADD3-2E6E-453D-A2F4-E1CE9CC77542}.Release|Any CPU.ActiveCfg = Release|Any CPU
		{B8CDADD3-2E6E-453D-A2F4-E1CE9CC77542}.Release|Any CPU.Build.0 = Release|Any CPU
	EndGlobalSection
	GlobalSection(SolutionProperties) = preSolution
		HideSolutionNode = FALSE
	EndGlobalSection
	GlobalSection(ExtensibilityGlobals) = postSolution
		SolutionGuid = {7FD5B041-E105-40C9-B922-2CD44CEC12FF}
	EndGlobalSection
EndGlobal
